
Microsoft Visual Studio Solution File, Format Version 12.00
# Visual Studio Version 17
VisualStudioVersion = 17.5.002.0
MinimumVisualStudioVersion = 10.0.40219.1
Project("{9A19103F-16F7-4668-BE54-9A1E7A4F7556}") = "PAPI-Libs", "PAPI-Libs.csproj", "{E644955C-A376-43B4-AB91-016C2085B770}"
EndProject
Global
	GlobalSection(SolutionConfigurationPlatforms) = preSolution
		Debug|Any CPU = Debug|Any CPU
		Release|Any CPU = Release|Any CPU
	EndGlobalSection
	GlobalSection(ProjectConfigurationPlatforms) = postSolution
		{E644955C-A376-43B4-AB91-016C2085B770}.Debug|Any CPU.ActiveCfg = Debug|Any CPU
		{E644955C-A376-43B4-AB91-016C2085B770}.Debug|Any CPU.Build.0 = Debug|Any CPU
		{E644955C-A376-43B4-AB91-016C2085B770}.Release|Any CPU.ActiveCfg = Release|Any CPU
		{E644955C-A376-43B4-AB91-016C2085B770}.Release|Any CPU.Build.0 = Release|Any CPU
	EndGlobalSection
	GlobalSection(SolutionProperties) = preSolution
		HideSolutionNode = FALSE
	EndGlobalSection
	GlobalSection(ExtensibilityGlobals) = postSolution
		SolutionGuid = {BCE46C59-C371-4539-B5FE-40129C3E27C3}
	EndGlobalSection
EndGlobal
